
Microsoft Visual Studio Solution File, Format Version 12.00
# Visual Studio 2013
VisualStudioVersion = 12.0.21005.1
MinimumVisualStudioVersion = 10.0.40219.1
Project("{8BC9CEB8-8B4A-11D0-8D11-00A0C91BC942}") = "最长回文子串", "最长回文子串\最长回文子串.vcxproj", "{5978BFA0-9882-4459-8F4A-82338488F8E9}"
EndProject
Global
	GlobalSection(SolutionConfigurationPlatforms) = preSolution
		Debug|Win32 = Debug|Win32
		Release|Win32 = Release|Win32
	EndGlobalSection
	GlobalSection(ProjectConfigurationPlatforms) = postSolution
		{5978BFA0-9882-4459-8F4A-82338488F8E9}.Debug|Win32.ActiveCfg = Debug|Win32
		{5978BFA0-9882-4459-8F4A-82338488F8E9}.Debug|Win32.Build.0 = Debug|Win32
		{5978BFA0-9882-4459-8F4A-82338488F8E9}.Release|Win32.ActiveCfg = Release|Win32
		{5978BFA0-9882-4459-8F4A-82338488F8E9}.Release|Win32.Build.0 = Release|Win32
	EndGlobalSection
	GlobalSection(SolutionProperties) = preSolution
		HideSolutionNode = FALSE
	EndGlobalSection
EndGlobal
